
Microsoft Visual Studio Solution File, Format Version 12.00
# Visual Studio Version 16
VisualStudioVersion = 16.0.31112.23
MinimumVisualStudioVersion = 10.0.40219.1
Project("{FAE04EC0-301F-11D3-BF4B-00C04F79EFBC}") = "mantis-tests", "mantis-tests.csproj", "{1F88886F-F604-4288-B1C9-EC595E207355}"
EndProject
Global
	GlobalSection(SolutionConfigurationPlatforms) = preSolution
		Debug|Any CPU = Debug|Any CPU
		Release|Any CPU = Release|Any CPU
	EndGlobalSection
	GlobalSection(ProjectConfigurationPlatforms) = postSolution
		{1F88886F-F604-4288-B1C9-EC595E207355}.Debug|Any CPU.ActiveCfg = Debug|Any CPU
		{1F88886F-F604-4288-B1C9-EC595E207355}.Debug|Any CPU.Build.0 = Debug|Any CPU
		{1F88886F-F604-4288-B1C9-EC595E207355}.Release|Any CPU.ActiveCfg = Release|Any CPU
		{1F88886F-F604-4288-B1C9-EC595E207355}.Release|Any CPU.Build.0 = Release|Any CPU
	EndGlobalSection
	GlobalSection(SolutionProperties) = preSolution
		HideSolutionNode = FALSE
	EndGlobalSection
	GlobalSection(ExtensibilityGlobals) = postSolution
		SolutionGuid = {8D340AE9-4838-4351-9C7B-A11541C79C2B}
	EndGlobalSection
EndGlobal
